// !$*UTF8*$!
{
	archiveVersion = 1;
	classes = {
	};
	objectVersion = 46;
	objects = {

/* Begin PBXBuildFile section */
		471F1FDE1A91A81500D5DDEF /* AppDelegate.swift in Sources */ = {isa = PBXBuildFile; fileRef = 471F1FDD1A91A81500D5DDEF /* AppDelegate.swift */; };
		471F1FE01A91A81500D5DDEF /* GameScene.sks in Resources */ = {isa = PBXBuildFile; fileRef = 471F1FDF1A91A81500D5DDEF /* GameScene.sks */; };
		471F1FE21A91A81500D5DDEF /* GameScene.swift in Sources */ = {isa = PBXBuildFile; fileRef = 471F1FE11A91A81500D5DDEF /* GameScene.swift */; };
		471F1FE41A91A81500D5DDEF /* GameViewController.swift in Sources */ = {isa = PBXBuildFile; fileRef = 471F1FE31A91A81500D5DDEF /* GameViewController.swift */; };
		471F1FE71A91A81500D5DDEF /* Main.storyboard in Resources */ = {isa = PBXBuildFile; fileRef = 471F1FE51A91A81500D5DDEF /* Main.storyboard */; };
		471F1FE91A91A81500D5DDEF /* Images.xcassets in Resources */ = {isa = PBXBuildFile; fileRef = 471F1FE81A91A81500D5DDEF /* Images.xcassets */; };
		471F1FEC1A91A81500D5DDEF /* LaunchScreen.xib in Resources */ = {isa = PBXBuildFile; fileRef = 471F1FEA1A91A81500D5DDEF /* LaunchScreen.xib */; };
		471F1FF81A91A81500D5DDEF /* Space_CannonTests.swift in Sources */ = {isa = PBXBuildFile; fileRef = 471F1FF71A91A81500D5DDEF /* Space_CannonTests.swift */; };
/* End PBXBuildFile section */

/* Begin PBXContainerItemProxy section */
		471F1FF21A91A81500D5DDEF /* PBXContainerItemProxy */ = {
			isa = PBXContainerItemProxy;
			containerPortal = 471F1FD01A91A81500D5DDEF /* Project object */;
			proxyType = 1;
			remoteGlobalIDString = 471F1FD71A91A81500D5DDEF;
			remoteInfo = "Space Cannon";
		};
/* End PBXContainerItemProxy section */

/* Begin PBXFileReference section */
		471F1FD81A91A81500D5DDEF /* Space Cannon.app */ = {isa = PBXFileReference; explicitFileType = wrapper.application; includeInIndex = 0; path = "Space Cannon.app"; sourceTree = BUILT_PRODUCTS_DIR; };
		471F1FDC1A91A81500D5DDEF /* Info.plist */ = {isa = PBXFileReference; lastKnownFileType = text.plist.xml; path = Info.plist; sourceTree = "<group>"; };
		471F1FDD1A91A81500D5DDEF /* AppDelegate.swift */ = {isa = PBXFileReference; lastKnownFileType = sourcecode.swift; path = AppDelegate.swift; sourceTree = "<group>"; };
		471F1FDF1A91A81500D5DDEF /* GameScene.sks */ = {isa = PBXFileReference; lastKnownFileType = file.sks; path = GameScene.sks; sourceTree = "<group>"; };
		471F1FE11A91A81500D5DDEF /* GameScene.swift */ = {isa = PBXFileReference; lastKnownFileType = sourcecode.swift; path = GameScene.swift; sourceTree = "<group>"; };
		471F1FE31A91A81500D5DDEF /* GameViewController.swift */ = {isa = PBXFileReference; lastKnownFileType = sourcecode.swift; path = GameViewController.swift; sourceTree = "<group>"; };
		471F1FE61A91A81500D5DDEF /* Base */ = {isa = PBXFileReference; lastKnownFileType = file.storyboard; name = Base; path = Base.lproj/Main.storyboard; sourceTree = "<group>"; };
		471F1FE81A91A81500D5DDEF /* Images.xcassets */ = {isa = PBXFileReference; lastKnownFileType = folder.assetcatalog; path = Images.xcassets; sourceTree = "<group>"; };
		471F1FEB1A91A81500D5DDEF /* Base */ = {isa = PBXFileReference; lastKnownFileType = file.xib; name = Base; path = Base.lproj/LaunchScreen.xib; sourceTree = "<group>"; };
		471F1FF11A91A81500D5DDEF /* Space CannonTests.xctest */ = {isa = PBXFileReference; explicitFileType = wrapper.cfbundle; includeInIndex = 0; path = "Space CannonTests.xctest"; sourceTree = BUILT_PRODUCTS_DIR; };
		471F1FF61A91A81500D5DDEF /* Info.plist */ = {isa = PBXFileReference; lastKnownFileType = text.plist.xml; path = Info.plist; sourceTree = "<group>"; };
		471F1FF71A91A81500D5DDEF /* Space_CannonTests.swift */ = {isa = PBXFileReference; lastKnownFileType = sourcecode.swift; path = Space_CannonTests.swift; sourceTree = "<group>"; };
/* End PBXFileReference section */

/* Begin PBXFrameworksBuildPhase section */
		471F1FD51A91A81500D5DDEF /* Frameworks */ = {
			isa = PBXFrameworksBuildPhase;
			buildActionMask = 2147483647;
			files = (
			);
			runOnlyForDeploymentPostprocessing = 0;
		};
		471F1FEE1A91A81500D5DDEF /* Frameworks */ = {
			isa = PBXFrameworksBuildPhase;
			buildActionMask = 2147483647;
			files = (
			);
			runOnlyForDeploymentPostprocessing = 0;
		};
/* End PBXFrameworksBuildPhase section */

/* Begin PBXGroup section */
		471F1FCF1A91A81500D5DDEF = {
			isa = PBXGroup;
			children = (
				471F1FDA1A91A81500D5DDEF /* Space Cannon */,
				471F1FF41A91A81500D5DDEF /* Space CannonTests */,
				471F1FD91A91A81500D5DDEF /* Products */,
			);
			sourceTree = "<group>";
		};
		471F1FD91A91A81500D5DDEF /* Products */ = {
			isa = PBXGroup;
			children = (
				471F1FD81A91A81500D5DDEF /* Space Cannon.app */,
				471F1FF11A91A81500D5DDEF /* Space CannonTests.xctest */,
			);
			name = Products;
			sourceTree = "<group>";
		};
		471F1FDA1A91A81500D5DDEF /* Space Cannon */ = {
			isa = PBXGroup;
			children = (
				471F1FDD1A91A81500D5DDEF /* AppDelegate.swift */,
				471F1FDF1A91A81500D5DDEF /* GameScene.sks */,
				471F1FE11A91A81500D5DDEF /* GameScene.swift */,
				471F1FE31A91A81500D5DDEF /* GameViewController.swift */,
				471F1FE51A91A81500D5DDEF /* Main.storyboard */,
				471F1FE81A91A81500D5DDEF /* Images.xcassets */,
				471F1FEA1A91A81500D5DDEF /* LaunchScreen.xib */,
				471F1FDB1A91A81500D5DDEF /* Supporting Files */,
			);
			path = "Space Cannon";
			sourceTree = "<group>";
		};
		471F1FDB1A91A81500D5DDEF /* Supporting Files */ = {
			isa = PBXGroup;
			children = (
				471F1FDC1A91A81500D5DDEF /* Info.plist */,
			);
			name = "Supporting Files";
			sourceTree = "<group>";
		};
		471F1FF41A91A81500D5DDEF /* Space CannonTests */ = {
			isa = PBXGroup;
			children = (
				471F1FF71A91A81500D5DDEF /* Space_CannonTests.swift */,
				471F1FF51A91A81500D5DDEF /* Supporting Files */,
			);
			path = "Space CannonTests";
			sourceTree = "<group>";
		};
		471F1FF51A91A81500D5DDEF /* Supporting Files */ = {
			isa = PBXGroup;
			children = (
				471F1FF61A91A81500D5DDEF /* Info.plist */,
			);
			name = "Supporting Files";
			sourceTree = "<group>";
		};
/* End PBXGroup section */

/* Begin PBXNativeTarget section */
		471F1FD71A91A81500D5DDEF /* Space Cannon */ = {
			isa = PBXNativeTarget;
			buildConfigurationList = 471F1FFB1A91A81500D5DDEF /* Build configuration list for PBXNativeTarget "Space Cannon" */;
			buildPhases = (
				471F1FD41A91A81500D5DDEF /* Sources */,
				471F1FD51A91A81500D5DDEF /* Frameworks */,
				471F1FD61A91A81500D5DDEF /* Resources */,
			);
			buildRules = (
			);
			dependencies = (
			);
			name = "Space Cannon";
			productName = "Space Cannon";
			productReference = 471F1FD81A91A81500D5DDEF /* Space Cannon.app */;
			productType = "com.apple.product-type.application";
		};
		471F1FF01A91A81500D5DDEF /* Space CannonTests */ = {
			isa = PBXNativeTarget;
			buildConfigurationList = 471F1FFE1A91A81500D5DDEF /* Build configuration list for PBXNativeTarget "Space CannonTests" */;
			buildPhases = (
				471F1FED1A91A81500D5DDEF /* Sources */,
				471F1FEE1A91A81500D5DDEF /* Frameworks */,
				471F1FEF1A91A81500D5DDEF /* Resources */,
			);
			buildRules = (
			);
			dependencies = (
				471F1FF31A91A81500D5DDEF /* PBXTargetDependency */,
			);
			name = "Space CannonTests";
			productName = "Space CannonTests";
			productReference = 471F1FF11A91A81500D5DDEF /* Space CannonTests.xctest */;
			productType = "com.apple.product-type.bundle.unit-test";
		};
/* End PBXNativeTarget section */

/* Begin PBXProject section */
		471F1FD01A91A81500D5DDEF /* Project object */ = {
			isa = PBXProject;
			attributes = {
				LastUpgradeCheck = 0610;
				ORGANIZATIONNAME = "Atikur Rahman";
				TargetAttributes = {
					471F1FD71A91A81500D5DDEF = {
						CreatedOnToolsVersion = 6.1.1;
					};
					471F1FF01A91A81500D5DDEF = {
						CreatedOnToolsVersion = 6.1.1;
						TestTargetID = 471F1FD71A91A81500D5DDEF;
					};
				};
			};
			buildConfigurationList = 471F1FD31A91A81500D5DDEF /* Build configuration list for PBXProject "Space Cannon" */;
			compatibilityVersion = "Xcode 3.2";
			developmentRegion = English;
			hasScannedForEncodings = 0;
			knownRegions = (
				en,
				Base,
			);
			mainGroup = 471F1FCF1A91A81500D5DDEF;
			productRefGroup = 471F1FD91A91A81500D5DDEF /* Products */;
			projectDirPath = "";
			projectRoot = "";
			targets = (
				471F1FD71A91A81500D5DDEF /* Space Cannon */,
				471F1FF01A91A81500D5DDEF /* Space CannonTests */,
			);
		};
/* End PBXProject section */

/* Begin PBXResourcesBuildPhase section */
		471F1FD61A91A81500D5DDEF /* Resources */ = {
			isa = PBXResourcesBuildPhase;
			buildActionMask = 2147483647;
			files = (
				471F1FEC1A91A81500D5DDEF /* LaunchScreen.xib in Resources */,
				471F1FE91A91A81500D5DDEF /* Images.xcassets in Resources */,
				471F1FE01A91A81500D5DDEF /* GameScene.sks in Resources */,
				471F1FE71A91A81500D5DDEF /* Main.storyboard in Resources */,
			);
			runOnlyForDeploymentPostprocessing = 0;
		};
		471F1FEF1A91A81500D5DDEF /* Resources */ = {
			isa = PBXResourcesBuildPhase;
			buildActionMask = 2147483647;
			files = (
			);
			runOnlyForDeploymentPostprocessing = 0;
		};
/* End PBXResourcesBuildPhase section */

/* Begin PBXSourcesBuildPhase section */
		471F1FD41A91A81500D5DDEF /* Sources */ = {
			isa = PBXSourcesBuildPhase;
			buildActionMask = 2147483647;
			files = (
				471F1FE21A91A81500D5DDEF /* GameScene.swift in Sources */,
				471F1FE41A91A81500D5DDEF /* GameViewController.swift in Sources */,
				471F1FDE1A91A81500D5DDEF /* AppDelegate.swift in Sources */,
			);
			runOnlyForDeploymentPostprocessing = 0;
		};
		471F1FED1A91A81500D5DDEF /* Sources */ = {
			isa = PBXSourcesBuildPhase;
			buildActionMask = 2147483647;
			files = (
				471F1FF81A91A81500D5DDEF /* Space_CannonTests.swift in Sources */,
			);
			runOnlyForDeploymentPostprocessing = 0;
		};
/* End PBXSourcesBuildPhase section */

/* Begin PBXTargetDependency section */
		471F1FF31A91A81500D5DDEF /* PBXTargetDependency */ = {
			isa = PBXTargetDependency;
			target = 471F1FD71A91A81500D5DDEF /* Space Cannon */;
			targetProxy = 471F1FF21A91A81500D5DDEF /* PBXContainerItemProxy */;
		};
/* End PBXTargetDependency section */

/* Begin PBXVariantGroup section */
		471F1FE51A91A81500D5DDEF /* Main.storyboard */ = {
			isa = PBXVariantGroup;
			children = (
				471F1FE61A91A81500D5DDEF /* Base */,
			);
			name = Main.storyboard;
			sourceTree = "<group>";
		};
		471F1FEA1A91A81500D5DDEF /* LaunchScreen.xib */ = {
			isa = PBXVariantGroup;
			children = (
				471F1FEB1A91A81500D5DDEF /* Base */,
			);
			name = LaunchScreen.xib;
			sourceTree = "<group>";
		};
/* End PBXVariantGroup section */

/* Begin XCBuildConfiguration section */
		471F1FF91A91A81500D5DDEF /* Debug */ = {
			isa = XCBuildConfiguration;
			buildSettings = {
				ALWAYS_SEARCH_USER_PATHS = NO;
				CLANG_CXX_LANGUAGE_STANDARD = "gnu++0x";
				CLANG_CXX_LIBRARY = "libc++";
				CLANG_ENABLE_MODULES = YES;
				CLANG_ENABLE_OBJC_ARC = YES;
				CLANG_WARN_BOOL_CONVERSION = YES;
				CLANG_WARN_CONSTANT_CONVERSION = YES;
				CLANG_WARN_DIRECT_OBJC_ISA_USAGE = YES_ERROR;
				CLANG_WARN_EMPTY_BODY = YES;
				CLANG_WARN_ENUM_CONVERSION = YES;
				CLANG_WARN_INT_CONVERSION = YES;
				CLANG_WARN_OBJC_ROOT_CLASS = YES_ERROR;
				CLANG_WARN_UNREACHABLE_CODE = YES;
				CLANG_WARN__DUPLICATE_METHOD_MATCH = YES;
				"CODE_SIGN_IDENTITY[sdk=iphoneos*]" = "iPhone Developer";
				COPY_PHASE_STRIP = NO;
				ENABLE_STRICT_OBJC_MSGSEND = YES;
				GCC_C_LANGUAGE_STANDARD = gnu99;
				GCC_DYNAMIC_NO_PIC = NO;
				GCC_OPTIMIZATION_LEVEL = 0;
				GCC_PREPROCESSOR_DEFINITIONS = (
					"DEBUG=1",
					"$(inherited)",
				);
				GCC_SYMBOLS_PRIVATE_EXTERN = NO;
				GCC_WARN_64_TO_32_BIT_CONVERSION = YES;
				GCC_WARN_ABOUT_RETURN_TYPE = YES_ERROR;
				GCC_WARN_UNDECLARED_SELECTOR = YES;
				GCC_WARN_UNINITIALIZED_AUTOS = YES_AGGRESSIVE;
				GCC_WARN_UNUSED_FUNCTION = YES;
				GCC_WARN_UNUSED_VARIABLE = YES;
				IPHONEOS_DEPLOYMENT_TARGET = 8.1;
				MTL_ENABLE_DEBUG_INFO = YES;
				ONLY_ACTIVE_ARCH = YES;
				SDKROOT = iphoneos;
				SWIFT_OPTIMIZATION_LEVEL = "-Onone";
			};
			name = Debug;
		};
		471F1FFA1A91A81500D5DDEF /* Release */ = {
			isa = XCBuildConfiguration;
			buildSettings = {
				ALWAYS_SEARCH_USER_PATHS = NO;
				CLANG_CXX_LANGUAGE_STANDARD = "gnu++0x";
				CLANG_CXX_LIBRARY = "libc++";
				CLANG_ENABLE_MODULES = YES;
				CLANG_ENABLE_OBJC_ARC = YES;
				CLANG_WARN_BOOL_CONVERSION = YES;
				CLANG_WARN_CONSTANT_CONVERSION = YES;
				CLANG_WARN_DIRECT_OBJC_ISA_USAGE = YES_ERROR;
				CLANG_WARN_EMPTY_BODY = YES;
				CLANG_WARN_ENUM_CONVERSION = YES;
				CLANG_WARN_INT_CONVERSION = YES;
				CLANG_WARN_OBJC_ROOT_CLASS = YES_ERROR;
				CLANG_WARN_UNREACHABLE_CODE = YES;
				CLANG_WARN__DUPLICATE_METHOD_MATCH = YES;
				"CODE_SIGN_IDENTITY[sdk=iphoneos*]" = "iPhone Developer";
				COPY_PHASE_STRIP = YES;
				ENABLE_NS_ASSERTIONS = NO;
				ENABLE_STRICT_OBJC_MSGSEND = YES;
				GCC_C_LANGUAGE_STANDARD = gnu99;
				GCC_WARN_64_TO_32_BIT_CONVERSION = YES;
				GCC_WARN_ABOUT_RETURN_TYPE = YES_ERROR;
				GCC_WARN_UNDECLARED_SELECTOR = YES;
				GCC_WARN_UNINITIALIZED_AUTOS = YES_AGGRESSIVE;
				GCC_WARN_UNUSED_FUNCTION = YES;
				GCC_WARN_UNUSED_VARIABLE = YES;
				IPHONEOS_DEPLOYMENT_TARGET = 8.1;
				MTL_ENABLE_DEBUG_INFO = NO;
				SDKROOT = iphoneos;
				VALIDATE_PRODUCT = YES;
			};
			name = Release;
		};
		471F1FFC1A91A81500D5DDEF /* Debug */ = {
			isa = XCBuildConfiguration;
			buildSettings = {
				ASSETCATALOG_COMPILER_APPICON_NAME = AppIcon;
				INFOPLIST_FILE = "Space Cannon/Info.plist";
				LD_RUNPATH_SEARCH_PATHS = "$(inherited) @executable_path/Frameworks";
				PRODUCT_NAME = "$(TARGET_NAME)";
			};
			name = Debug;
		};
		471F1FFD1A91A81500D5DDEF /* Release */ = {
			isa = XCBuildConfiguration;
			buildSettings = {
				ASSETCATALOG_COMPILER_APPICON_NAME = AppIcon;
				INFOPLIST_FILE = "Space Cannon/Info.plist";
				LD_RUNPATH_SEARCH_PATHS = "$(inherited) @executable_path/Frameworks";
				PRODUCT_NAME = "$(TARGET_NAME)";
			};
			name = Release;
		};
		471F1FFF1A91A81500D5DDEF /* Debug */ = {
			isa = XCBuildConfiguration;
			buildSettings = {
				BUNDLE_LOADER = "$(TEST_HOST)";
				FRAMEWORK_SEARCH_PATHS = (
					"$(SDKROOT)/Developer/Library/Frameworks",
					"$(inherited)",
				);
				GCC_PREPROCESSOR_DEFINITIONS = (
					"DEBUG=1",
					"$(inherited)",
				);
				INFOPLIST_FILE = "Space CannonTests/Info.plist";
				LD_RUNPATH_SEARCH_PATHS = "$(inherited) @executable_path/Frameworks @loader_path/Frameworks";
				PRODUCT_NAME = "$(TARGET_NAME)";
				TEST_HOST = "$(BUILT_PRODUCTS_DIR)/Space Cannon.app/Space Cannon";
			};
			name = Debug;
		};
		471F20001A91A81500D5DDEF /* Release */ = {
			isa = XCBuildConfiguration;
			buildSettings = {
				BUNDLE_LOADER = "$(TEST_HOST)";
				FRAMEWORK_SEARCH_PATHS = (
					"$(SDKROOT)/Developer/Library/Frameworks",
					"$(inherited)",
				);
				INFOPLIST_FILE = "Space CannonTests/Info.plist";
				LD_RUNPATH_SEARCH_PATHS = "$(inherited) @executable_path/Frameworks @loader_path/Frameworks";
				PRODUCT_NAME = "$(TARGET_NAME)";
				TEST_HOST = "$(BUILT_PRODUCTS_DIR)/Space Cannon.app/Space Cannon";
			};
			name = Release;
		};
/* End XCBuildConfiguration section */

/* Begin XCConfigurationList section */
		471F1FD31A91A81500D5DDEF /* Build configuration list for PBXProject "Space Cannon" */ = {
			isa = XCConfigurationList;
			buildConfigurations = (
				471F1FF91A91A81500D5DDEF /* Debug */,
				471F1FFA1A91A81500D5DDEF /* Release */,
			);
			defaultConfigurationIsVisible = 0;
			defaultConfigurationName = Release;
		};
		471F1FFB1A91A81500D5DDEF /* Build configuration list for PBXNativeTarget "Space Cannon" */ = {
			isa = XCConfigurationList;
			buildConfigurations = (
				471F1FFC1A91A81500D5DDEF /* Debug */,
				471F1FFD1A91A81500D5DDEF /* Release */,
			);
			defaultConfigurationIsVisible = 0;
		};
		471F1FFE1A91A81500D5DDEF /* Build configuration list for PBXNativeTarget "Space CannonTests" */ = {
			isa = XCConfigurationList;
			buildConfigurations = (
				471F1FFF1A91A81500D5DDEF /* Debug */,
				471F20001A91A81500D5DDEF /* Release */,
			);
			defaultConfigurationIsVisible = 0;
		};
/* End XCConfigurationList section */
	};
	rootObject = 471F1FD01A91A81500D5DDEF /* Project object */;
}
